// !$*UTF8*$!
{
	archiveVersion = 1;
	classes = {
	};
	objectVersion = 46;
	objects = {

/* Begin PBXBuildFile section */
		A567A20419B137EB00609221 /* Foundation.framework in Frameworks */ = {isa = PBXBuildFile; fileRef = A567A20319B137EB00609221 /* Foundation.framework */; };
		A567A20619B137EB00609221 /* CoreGraphics.framework in Frameworks */ = {isa = PBXBuildFile; fileRef = A567A20519B137EB00609221 /* CoreGraphics.framework */; };
		A567A20819B137EB00609221 /* UIKit.framework in Frameworks */ = {isa = PBXBuildFile; fileRef = A567A20719B137EB00609221 /* UIKit.framework */; };
		A567A20E19B137EB00609221 /* InfoPlist.strings in Resources */ = {isa = PBXBuildFile; fileRef = A567A20C19B137EB00609221 /* InfoPlist.strings */; };
		A567A21019B137EB00609221 /* main.m in Sources */ = {isa = PBXBuildFile; fileRef = A567A20F19B137EB00609221 /* main.m */; };
		A567A21419B137EB00609221 /* AppDelegate.m in Sources */ = {isa = PBXBuildFile; fileRef = A567A21319B137EB00609221 /* AppDelegate.m */; };
		A567A21619B137EB00609221 /* Images.xcassets in Resources */ = {isa = PBXBuildFile; fileRef = A567A21519B137EB00609221 /* Images.xcassets */; };
		A567A21D19B137EB00609221 /* XCTest.framework in Frameworks */ = {isa = PBXBuildFile; fileRef = A567A21C19B137EB00609221 /* XCTest.framework */; };
		A567A21E19B137EB00609221 /* Foundation.framework in Frameworks */ = {isa = PBXBuildFile; fileRef = A567A20319B137EB00609221 /* Foundation.framework */; };
		A567A21F19B137EB00609221 /* UIKit.framework in Frameworks */ = {isa = PBXBuildFile; fileRef = A567A20719B137EB00609221 /* UIKit.framework */; };
		A567A22719B137EB00609221 /* InfoPlist.strings in Resources */ = {isa = PBXBuildFile; fileRef = A567A22519B137EB00609221 /* InfoPlist.strings */; };
		A567A22919B137EB00609221 /* Keys_and_DegreesTests.m in Sources */ = {isa = PBXBuildFile; fileRef = A567A22819B137EB00609221 /* Keys_and_DegreesTests.m */; };
		A567A23419B1383F00609221 /* Things.m in Sources */ = {isa = PBXBuildFile; fileRef = A567A23319B1383F00609221 /* Things.m */; };
		A567A23A19B144FD00609221 /* BTDeviceInfo.m in Sources */ = {isa = PBXBuildFile; fileRef = A567A23919B144FD00609221 /* BTDeviceInfo.m */; };
		A567A23D19B2038000609221 /* DeviceList.m in Sources */ = {isa = PBXBuildFile; fileRef = A567A23C19B2038000609221 /* DeviceList.m */; };
		A567A24019B20CAB00609221 /* DiscoveryViewController.m in Sources */ = {isa = PBXBuildFile; fileRef = A567A23F19B20CAB00609221 /* DiscoveryViewController.m */; };
		A567A24319B20D6C00609221 /* DiscoveryController.m in Sources */ = {isa = PBXBuildFile; fileRef = A567A24219B20D6C00609221 /* DiscoveryController.m */; };
		A567A24519B2233D00609221 /* CoreBluetooth.framework in Frameworks */ = {isa = PBXBuildFile; fileRef = A567A24419B2233D00609221 /* CoreBluetooth.framework */; };
/* End PBXBuildFile section */

/* Begin PBXContainerItemProxy section */
		A567A22019B137EB00609221 /* PBXContainerItemProxy */ = {
			isa = PBXContainerItemProxy;
			containerPortal = A567A1F819B137EB00609221 /* Project object */;
			proxyType = 1;
			remoteGlobalIDString = A567A1FF19B137EB00609221;
			remoteInfo = "Keys and Degrees";
		};
/* End PBXContainerItemProxy section */

/* Begin PBXFileReference section */
		A567A20019B137EB00609221 /* Keys and Degrees.app */ = {isa = PBXFileReference; explicitFileType = wrapper.application; includeInIndex = 0; path = "Keys and Degrees.app"; sourceTree = BUILT_PRODUCTS_DIR; };
		A567A20319B137EB00609221 /* Foundation.framework */ = {isa = PBXFileReference; lastKnownFileType = wrapper.framework; name = Foundation.framework; path = System/Library/Frameworks/Foundation.framework; sourceTree = SDKROOT; };
		A567A20519B137EB00609221 /* CoreGraphics.framework */ = {isa = PBXFileReference; lastKnownFileType = wrapper.framework; name = CoreGraphics.framework; path = System/Library/Frameworks/CoreGraphics.framework; sourceTree = SDKROOT; };
		A567A20719B137EB00609221 /* UIKit.framework */ = {isa = PBXFileReference; lastKnownFileType = wrapper.framework; name = UIKit.framework; path = System/Library/Frameworks/UIKit.framework; sourceTree = SDKROOT; };
		A567A20B19B137EB00609221 /* Keys and Degrees-Info.plist */ = {isa = PBXFileReference; lastKnownFileType = text.plist.xml; path = "Keys and Degrees-Info.plist"; sourceTree = "<group>"; };
		A567A20D19B137EB00609221 /* en */ = {isa = PBXFileReference; lastKnownFileType = text.plist.strings; name = en; path = en.lproj/InfoPlist.strings; sourceTree = "<group>"; };
		A567A20F19B137EB00609221 /* main.m */ = {isa = PBXFileReference; lastKnownFileType = sourcecode.c.objc; path = main.m; sourceTree = "<group>"; };
		A567A21119B137EB00609221 /* Keys and Degrees-Prefix.pch */ = {isa = PBXFileReference; lastKnownFileType = sourcecode.c.h; path = "Keys and Degrees-Prefix.pch"; sourceTree = "<group>"; };
		A567A21219B137EB00609221 /* AppDelegate.h */ = {isa = PBXFileReference; lastKnownFileType = sourcecode.c.h; path = AppDelegate.h; sourceTree = "<group>"; };
		A567A21319B137EB00609221 /* AppDelegate.m */ = {isa = PBXFileReference; lastKnownFileType = sourcecode.c.objc; path = AppDelegate.m; sourceTree = "<group>"; };
		A567A21519B137EB00609221 /* Images.xcassets */ = {isa = PBXFileReference; lastKnownFileType = folder.assetcatalog; path = Images.xcassets; sourceTree = "<group>"; };
		A567A21B19B137EB00609221 /* Keys and DegreesTests.xctest */ = {isa = PBXFileReference; explicitFileType = wrapper.cfbundle; includeInIndex = 0; path = "Keys and DegreesTests.xctest"; sourceTree = BUILT_PRODUCTS_DIR; };
		A567A21C19B137EB00609221 /* XCTest.framework */ = {isa = PBXFileReference; lastKnownFileType = wrapper.framework; name = XCTest.framework; path = Library/Frameworks/XCTest.framework; sourceTree = DEVELOPER_DIR; };
		A567A22419B137EB00609221 /* Keys and DegreesTests-Info.plist */ = {isa = PBXFileReference; lastKnownFileType = text.plist.xml; path = "Keys and DegreesTests-Info.plist"; sourceTree = "<group>"; };
		A567A22619B137EB00609221 /* en */ = {isa = PBXFileReference; lastKnownFileType = text.plist.strings; name = en; path = en.lproj/InfoPlist.strings; sourceTree = "<group>"; };
		A567A22819B137EB00609221 /* Keys_and_DegreesTests.m */ = {isa = PBXFileReference; lastKnownFileType = sourcecode.c.objc; path = Keys_and_DegreesTests.m; sourceTree = "<group>"; };
		A567A23219B1383F00609221 /* Things.h */ = {isa = PBXFileReference; fileEncoding = 4; lastKnownFileType = sourcecode.c.h; path = Things.h; sourceTree = "<group>"; };
		A567A23319B1383F00609221 /* Things.m */ = {isa = PBXFileReference; fileEncoding = 4; lastKnownFileType = sourcecode.c.objc; path = Things.m; sourceTree = "<group>"; };
		A567A23819B144FD00609221 /* BTDeviceInfo.h */ = {isa = PBXFileReference; fileEncoding = 4; lastKnownFileType = sourcecode.c.h; path = BTDeviceInfo.h; sourceTree = "<group>"; };
		A567A23919B144FD00609221 /* BTDeviceInfo.m */ = {isa = PBXFileReference; fileEncoding = 4; lastKnownFileType = sourcecode.c.objc; path = BTDeviceInfo.m; sourceTree = "<group>"; };
		A567A23B19B2038000609221 /* DeviceList.h */ = {isa = PBXFileReference; fileEncoding = 4; lastKnownFileType = sourcecode.c.h; path = DeviceList.h; sourceTree = "<group>"; };
		A567A23C19B2038000609221 /* DeviceList.m */ = {isa = PBXFileReference; fileEncoding = 4; lastKnownFileType = sourcecode.c.objc; path = DeviceList.m; sourceTree = "<group>"; };
		A567A23E19B20CAB00609221 /* DiscoveryViewController.h */ = {isa = PBXFileReference; fileEncoding = 4; lastKnownFileType = sourcecode.c.h; path = DiscoveryViewController.h; sourceTree = "<group>"; };
		A567A23F19B20CAB00609221 /* DiscoveryViewController.m */ = {isa = PBXFileReference; fileEncoding = 4; lastKnownFileType = sourcecode.c.objc; path = DiscoveryViewController.m; sourceTree = "<group>"; };
		A567A24119B20D6C00609221 /* DiscoveryController.h */ = {isa = PBXFileReference; fileEncoding = 4; lastKnownFileType = sourcecode.c.h; path = DiscoveryController.h; sourceTree = "<group>"; };
		A567A24219B20D6C00609221 /* DiscoveryController.m */ = {isa = PBXFileReference; fileEncoding = 4; lastKnownFileType = sourcecode.c.objc; path = DiscoveryController.m; sourceTree = "<group>"; };
		A567A24419B2233D00609221 /* CoreBluetooth.framework */ = {isa = PBXFileReference; lastKnownFileType = wrapper.framework; name = CoreBluetooth.framework; path = System/Library/Frameworks/CoreBluetooth.framework; sourceTree = SDKROOT; };
/* End PBXFileReference section */

/* Begin PBXFrameworksBuildPhase section */
		A567A1FD19B137EB00609221 /* Frameworks */ = {
			isa = PBXFrameworksBuildPhase;
			buildActionMask = 2147483647;
			files = (
				A567A24519B2233D00609221 /* CoreBluetooth.framework in Frameworks */,
				A567A20619B137EB00609221 /* CoreGraphics.framework in Frameworks */,
				A567A20819B137EB00609221 /* UIKit.framework in Frameworks */,
				A567A20419B137EB00609221 /* Foundation.framework in Frameworks */,
			);
			runOnlyForDeploymentPostprocessing = 0;
		};
		A567A21819B137EB00609221 /* Frameworks */ = {
			isa = PBXFrameworksBuildPhase;
			buildActionMask = 2147483647;
			files = (
				A567A21D19B137EB00609221 /* XCTest.framework in Frameworks */,
				A567A21F19B137EB00609221 /* UIKit.framework in Frameworks */,
				A567A21E19B137EB00609221 /* Foundation.framework in Frameworks */,
			);
			runOnlyForDeploymentPostprocessing = 0;
		};
/* End PBXFrameworksBuildPhase section */

/* Begin PBXGroup section */
		A567A1F719B137EA00609221 = {
			isa = PBXGroup;
			children = (
				A567A20919B137EB00609221 /* Keys and Degrees */,
				A567A22219B137EB00609221 /* Keys and DegreesTests */,
				A567A20219B137EB00609221 /* Frameworks */,
				A567A20119B137EB00609221 /* Products */,
			);
			sourceTree = "<group>";
		};
		A567A20119B137EB00609221 /* Products */ = {
			isa = PBXGroup;
			children = (
				A567A20019B137EB00609221 /* Keys and Degrees.app */,
				A567A21B19B137EB00609221 /* Keys and DegreesTests.xctest */,
			);
			name = Products;
			sourceTree = "<group>";
		};
		A567A20219B137EB00609221 /* Frameworks */ = {
			isa = PBXGroup;
			children = (
				A567A24419B2233D00609221 /* CoreBluetooth.framework */,
				A567A20319B137EB00609221 /* Foundation.framework */,
				A567A20519B137EB00609221 /* CoreGraphics.framework */,
				A567A20719B137EB00609221 /* UIKit.framework */,
				A567A21C19B137EB00609221 /* XCTest.framework */,
			);
			name = Frameworks;
			sourceTree = "<group>";
		};
		A567A20919B137EB00609221 /* Keys and Degrees */ = {
			isa = PBXGroup;
			children = (
				A567A21219B137EB00609221 /* AppDelegate.h */,
				A567A21319B137EB00609221 /* AppDelegate.m */,
				A567A21519B137EB00609221 /* Images.xcassets */,
				A567A20A19B137EB00609221 /* Supporting Files */,
				A567A23219B1383F00609221 /* Things.h */,
				A567A23319B1383F00609221 /* Things.m */,
				A567A23819B144FD00609221 /* BTDeviceInfo.h */,
				A567A23919B144FD00609221 /* BTDeviceInfo.m */,
				A567A23B19B2038000609221 /* DeviceList.h */,
				A567A23C19B2038000609221 /* DeviceList.m */,
				A567A23E19B20CAB00609221 /* DiscoveryViewController.h */,
				A567A23F19B20CAB00609221 /* DiscoveryViewController.m */,
				A567A24119B20D6C00609221 /* DiscoveryController.h */,
				A567A24219B20D6C00609221 /* DiscoveryController.m */,
			);
			path = "Keys and Degrees";
			sourceTree = "<group>";
		};
		A567A20A19B137EB00609221 /* Supporting Files */ = {
			isa = PBXGroup;
			children = (
				A567A20B19B137EB00609221 /* Keys and Degrees-Info.plist */,
				A567A20C19B137EB00609221 /* InfoPlist.strings */,
				A567A20F19B137EB00609221 /* main.m */,
				A567A21119B137EB00609221 /* Keys and Degrees-Prefix.pch */,
			);
			name = "Supporting Files";
			sourceTree = "<group>";
		};
		A567A22219B137EB00609221 /* Keys and DegreesTests */ = {
			isa = PBXGroup;
			children = (
				A567A22819B137EB00609221 /* Keys_and_DegreesTests.m */,
				A567A22319B137EB00609221 /* Supporting Files */,
			);
			path = "Keys and DegreesTests";
			sourceTree = "<group>";
		};
		A567A22319B137EB00609221 /* Supporting Files */ = {
			isa = PBXGroup;
			children = (
				A567A22419B137EB00609221 /* Keys and DegreesTests-Info.plist */,
				A567A22519B137EB00609221 /* InfoPlist.strings */,
			);
			name = "Supporting Files";
			sourceTree = "<group>";
		};
/* End PBXGroup section */

/* Begin PBXNativeTarget section */
		A567A1FF19B137EB00609221 /* Keys and Degrees */ = {
			isa = PBXNativeTarget;
			buildConfigurationList = A567A22C19B137EB00609221 /* Build configuration list for PBXNativeTarget "Keys and Degrees" */;
			buildPhases = (
				A567A1FC19B137EB00609221 /* Sources */,
				A567A1FD19B137EB00609221 /* Frameworks */,
				A567A1FE19B137EB00609221 /* Resources */,
			);
			buildRules = (
			);
			dependencies = (
			);
			name = "Keys and Degrees";
			productName = "Keys and Degrees";
			productReference = A567A20019B137EB00609221 /* Keys and Degrees.app */;
			productType = "com.apple.product-type.application";
		};
		A567A21A19B137EB00609221 /* Keys and DegreesTests */ = {
			isa = PBXNativeTarget;
			buildConfigurationList = A567A22F19B137EB00609221 /* Build configuration list for PBXNativeTarget "Keys and DegreesTests" */;
			buildPhases = (
				A567A21719B137EB00609221 /* Sources */,
				A567A21819B137EB00609221 /* Frameworks */,
				A567A21919B137EB00609221 /* Resources */,
			);
			buildRules = (
			);
			dependencies = (
				A567A22119B137EB00609221 /* PBXTargetDependency */,
			);
			name = "Keys and DegreesTests";
			productName = "Keys and DegreesTests";
			productReference = A567A21B19B137EB00609221 /* Keys and DegreesTests.xctest */;
			productType = "com.apple.product-type.bundle.unit-test";
		};
/* End PBXNativeTarget section */

/* Begin PBXProject section */
		A567A1F819B137EB00609221 /* Project object */ = {
			isa = PBXProject;
			attributes = {
				LastUpgradeCheck = 0510;
				ORGANIZATIONNAME = "Douglas Gardiner";
				TargetAttributes = {
					A567A21A19B137EB00609221 = {
						TestTargetID = A567A1FF19B137EB00609221;
					};
				};
			};
			buildConfigurationList = A567A1FB19B137EB00609221 /* Build configuration list for PBXProject "Keys and Degrees" */;
			compatibilityVersion = "Xcode 3.2";
			developmentRegion = English;
			hasScannedForEncodings = 0;
			knownRegions = (
				en,
			);
			mainGroup = A567A1F719B137EA00609221;
			productRefGroup = A567A20119B137EB00609221 /* Products */;
			projectDirPath = "";
			projectRoot = "";
			targets = (
				A567A1FF19B137EB00609221 /* Keys and Degrees */,
				A567A21A19B137EB00609221 /* Keys and DegreesTests */,
			);
		};
/* End PBXProject section */

/* Begin PBXResourcesBuildPhase section */
		A567A1FE19B137EB00609221 /* Resources */ = {
			isa = PBXResourcesBuildPhase;
			buildActionMask = 2147483647;
			files = (
				A567A20E19B137EB00609221 /* InfoPlist.strings in Resources */,
				A567A21619B137EB00609221 /* Images.xcassets in Resources */,
			);
			runOnlyForDeploymentPostprocessing = 0;
		};
		A567A21919B137EB00609221 /* Resources */ = {
			isa = PBXResourcesBuildPhase;
			buildActionMask = 2147483647;
			files = (
				A567A22719B137EB00609221 /* InfoPlist.strings in Resources */,
			);
			runOnlyForDeploymentPostprocessing = 0;
		};
/* End PBXResourcesBuildPhase section */

/* Begin PBXSourcesBuildPhase section */
		A567A1FC19B137EB00609221 /* Sources */ = {
			isa = PBXSourcesBuildPhase;
			buildActionMask = 2147483647;
			files = (
				A567A23D19B2038000609221 /* DeviceList.m in Sources */,
				A567A24319B20D6C00609221 /* DiscoveryController.m in Sources */,
				A567A21419B137EB00609221 /* AppDelegate.m in Sources */,
				A567A24019B20CAB00609221 /* DiscoveryViewController.m in Sources */,
				A567A23A19B144FD00609221 /* BTDeviceInfo.m in Sources */,
				A567A21019B137EB00609221 /* main.m in Sources */,
				A567A23419B1383F00609221 /* Things.m in Sources */,
			);
			runOnlyForDeploymentPostprocessing = 0;
		};
		A567A21719B137EB00609221 /* Sources */ = {
			isa = PBXSourcesBuildPhase;
			buildActionMask = 2147483647;
			files = (
				A567A22919B137EB00609221 /* Keys_and_DegreesTests.m in Sources */,
			);
			runOnlyForDeploymentPostprocessing = 0;
		};
/* End PBXSourcesBuildPhase section */

/* Begin PBXTargetDependency section */
		A567A22119B137EB00609221 /* PBXTargetDependency */ = {
			isa = PBXTargetDependency;
			target = A567A1FF19B137EB00609221 /* Keys and Degrees */;
			targetProxy = A567A22019B137EB00609221 /* PBXContainerItemProxy */;
		};
/* End PBXTargetDependency section */

/* Begin PBXVariantGroup section */
		A567A20C19B137EB00609221 /* InfoPlist.strings */ = {
			isa = PBXVariantGroup;
			children = (
				A567A20D19B137EB00609221 /* en */,
			);
			name = InfoPlist.strings;
			sourceTree = "<group>";
		};
		A567A22519B137EB00609221 /* InfoPlist.strings */ = {
			isa = PBXVariantGroup;
			children = (
				A567A22619B137EB00609221 /* en */,
			);
			name = InfoPlist.strings;
			sourceTree = "<group>";
		};
/* End PBXVariantGroup section */

/* Begin XCBuildConfiguration section */
		A567A22A19B137EB00609221 /* Debug */ = {
			isa = XCBuildConfiguration;
			buildSettings = {
				ALWAYS_SEARCH_USER_PATHS = NO;
				CLANG_CXX_LANGUAGE_STANDARD = "gnu++0x";
				CLANG_CXX_LIBRARY = "libc++";
				CLANG_ENABLE_MODULES = YES;
				CLANG_ENABLE_OBJC_ARC = YES;
				CLANG_WARN_BOOL_CONVERSION = YES;
				CLANG_WARN_CONSTANT_CONVERSION = YES;
				CLANG_WARN_DIRECT_OBJC_ISA_USAGE = YES_ERROR;
				CLANG_WARN_EMPTY_BODY = YES;
				CLANG_WARN_ENUM_CONVERSION = YES;
				CLANG_WARN_INT_CONVERSION = YES;
				CLANG_WARN_OBJC_ROOT_CLASS = YES_ERROR;
				CLANG_WARN__DUPLICATE_METHOD_MATCH = YES;
				"CODE_SIGN_IDENTITY[sdk=iphoneos*]" = "iPhone Developer";
				COPY_PHASE_STRIP = NO;
				GCC_C_LANGUAGE_STANDARD = gnu99;
				GCC_DYNAMIC_NO_PIC = NO;
				GCC_OPTIMIZATION_LEVEL = 0;
				GCC_PREPROCESSOR_DEFINITIONS = (
					"DEBUG=1",
					"$(inherited)",
				);
				GCC_SYMBOLS_PRIVATE_EXTERN = NO;
				GCC_WARN_64_TO_32_BIT_CONVERSION = YES;
				GCC_WARN_ABOUT_RETURN_TYPE = YES_ERROR;
				GCC_WARN_UNDECLARED_SELECTOR = YES;
				GCC_WARN_UNINITIALIZED_AUTOS = YES_AGGRESSIVE;
				GCC_WARN_UNUSED_FUNCTION = YES;
				GCC_WARN_UNUSED_VARIABLE = YES;
				IPHONEOS_DEPLOYMENT_TARGET = 7.1;
				ONLY_ACTIVE_ARCH = YES;
				SDKROOT = iphoneos;
			};
			name = Debug;
		};
		A567A22B19B137EB00609221 /* Release */ = {
			isa = XCBuildConfiguration;
			buildSettings = {
				ALWAYS_SEARCH_USER_PATHS = NO;
				CLANG_CXX_LANGUAGE_STANDARD = "gnu++0x";
				CLANG_CXX_LIBRARY = "libc++";
				CLANG_ENABLE_MODULES = YES;
				CLANG_ENABLE_OBJC_ARC = YES;
				CLANG_WARN_BOOL_CONVERSION = YES;
				CLANG_WARN_CONSTANT_CONVERSION = YES;
				CLANG_WARN_DIRECT_OBJC_ISA_USAGE = YES_ERROR;
				CLANG_WARN_EMPTY_BODY = YES;
				CLANG_WARN_ENUM_CONVERSION = YES;
				CLANG_WARN_INT_CONVERSION = YES;
				CLANG_WARN_OBJC_ROOT_CLASS = YES_ERROR;
				CLANG_WARN__DUPLICATE_METHOD_MATCH = YES;
				"CODE_SIGN_IDENTITY[sdk=iphoneos*]" = "iPhone Developer";
				COPY_PHASE_STRIP = YES;
				ENABLE_NS_ASSERTIONS = NO;
				GCC_C_LANGUAGE_STANDARD = gnu99;
				GCC_WARN_64_TO_32_BIT_CONVERSION = YES;
				GCC_WARN_ABOUT_RETURN_TYPE = YES_ERROR;
				GCC_WARN_UNDECLARED_SELECTOR = YES;
				GCC_WARN_UNINITIALIZED_AUTOS = YES_AGGRESSIVE;
				GCC_WARN_UNUSED_FUNCTION = YES;
				GCC_WARN_UNUSED_VARIABLE = YES;
				IPHONEOS_DEPLOYMENT_TARGET = 7.1;
				SDKROOT = iphoneos;
				VALIDATE_PRODUCT = YES;
			};
			name = Release;
		};
		A567A22D19B137EB00609221 /* Debug */ = {
			isa = XCBuildConfiguration;
			buildSettings = {
				ASSETCATALOG_COMPILER_APPICON_NAME = AppIcon;
				ASSETCATALOG_COMPILER_LAUNCHIMAGE_NAME = LaunchImage;
				GCC_PRECOMPILE_PREFIX_HEADER = YES;
				GCC_PREFIX_HEADER = "Keys and Degrees/Keys and Degrees-Prefix.pch";
				INFOPLIST_FILE = "Keys and Degrees/Keys and Degrees-Info.plist";
				PRODUCT_NAME = "$(TARGET_NAME)";
				WRAPPER_EXTENSION = app;
			};
			name = Debug;
		};
		A567A22E19B137EB00609221 /* Release */ = {
			isa = XCBuildConfiguration;
			buildSettings = {
				ASSETCATALOG_COMPILER_APPICON_NAME = AppIcon;
				ASSETCATALOG_COMPILER_LAUNCHIMAGE_NAME = LaunchImage;
				GCC_PRECOMPILE_PREFIX_HEADER = YES;
				GCC_PREFIX_HEADER = "Keys and Degrees/Keys and Degrees-Prefix.pch";
				INFOPLIST_FILE = "Keys and Degrees/Keys and Degrees-Info.plist";
				PRODUCT_NAME = "$(TARGET_NAME)";
				WRAPPER_EXTENSION = app;
			};
			name = Release;
		};
		A567A23019B137EB00609221 /* Debug */ = {
			isa = XCBuildConfiguration;
			buildSettings = {
				BUNDLE_LOADER = "$(BUILT_PRODUCTS_DIR)/Keys and Degrees.app/Keys and Degrees";
				FRAMEWORK_SEARCH_PATHS = (
					"$(SDKROOT)/Developer/Library/Frameworks",
					"$(inherited)",
					"$(DEVELOPER_FRAMEWORKS_DIR)",
				);
				GCC_PRECOMPILE_PREFIX_HEADER = YES;
				GCC_PREFIX_HEADER = "Keys and Degrees/Keys and Degrees-Prefix.pch";
				GCC_PREPROCESSOR_DEFINITIONS = (
					"DEBUG=1",
					"$(inherited)",
				);
				INFOPLIST_FILE = "Keys and DegreesTests/Keys and DegreesTests-Info.plist";
				PRODUCT_NAME = "$(TARGET_NAME)";
				TEST_HOST = "$(BUNDLE_LOADER)";
				WRAPPER_EXTENSION = xctest;
			};
			name = Debug;
		};
		A567A23119B137EB00609221 /* Release */ = {
			isa = XCBuildConfiguration;
			buildSettings = {
				BUNDLE_LOADER = "$(BUILT_PRODUCTS_DIR)/Keys and Degrees.app/Keys and Degrees";
				FRAMEWORK_SEARCH_PATHS = (
					"$(SDKROOT)/Developer/Library/Frameworks",
					"$(inherited)",
					"$(DEVELOPER_FRAMEWORKS_DIR)",
				);
				GCC_PRECOMPILE_PREFIX_HEADER = YES;
				GCC_PREFIX_HEADER = "Keys and Degrees/Keys and Degrees-Prefix.pch";
				INFOPLIST_FILE = "Keys and DegreesTests/Keys and DegreesTests-Info.plist";
				PRODUCT_NAME = "$(TARGET_NAME)";
				TEST_HOST = "$(BUNDLE_LOADER)";
				WRAPPER_EXTENSION = xctest;
			};
			name = Release;
		};
/* End XCBuildConfiguration section */

/* Begin XCConfigurationList section */
		A567A1FB19B137EB00609221 /* Build configuration list for PBXProject "Keys and Degrees" */ = {
			isa = XCConfigurationList;
			buildConfigurations = (
				A567A22A19B137EB00609221 /* Debug */,
				A567A22B19B137EB00609221 /* Release */,
			);
			defaultConfigurationIsVisible = 0;
			defaultConfigurationName = Release;
		};
		A567A22C19B137EB00609221 /* Build configuration list for PBXNativeTarget "Keys and Degrees" */ = {
			isa = XCConfigurationList;
			buildConfigurations = (
				A567A22D19B137EB00609221 /* Debug */,
				A567A22E19B137EB00609221 /* Release */,
			);
			defaultConfigurationIsVisible = 0;
		};
		A567A22F19B137EB00609221 /* Build configuration list for PBXNativeTarget "Keys and DegreesTests" */ = {
			isa = XCConfigurationList;
			buildConfigurations = (
				A567A23019B137EB00609221 /* Debug */,
				A567A23119B137EB00609221 /* Release */,
			);
			defaultConfigurationIsVisible = 0;
		};
/* End XCConfigurationList section */
	};
	rootObject = A567A1F819B137EB00609221 /* Project object */;
}
